
Microsoft Visual Studio Solution File, Format Version 12.00
# Visual Studio Version 17
VisualStudioVersion = 17.7.34009.444
MinimumVisualStudioVersion = 10.0.40219.1
Project("{FAE04EC0-301F-11D3-BF4B-00C04F79EFBC}") = "ShoppingBasket", "ShoppingBasket\ShoppingBasket.csproj", "{A9E5D7A4-4751-4E4A-8AA5-E618D6C603B4}"
EndProject
Project("{FAE04EC0-301F-11D3-BF4B-00C04F79EFBC}") = "ShoppingBasketTests", "ShoppingBasketTests\ShoppingBasketTests.csproj", "{9E2DA706-3633-40B5-90E2-66320E4E7762}"
EndProject
Global
	GlobalSection(SolutionConfigurationPlatforms) = preSolution
		Debug|Any CPU = Debug|Any CPU
		Release|Any CPU = Release|Any CPU
	EndGlobalSection
	GlobalSection(ProjectConfigurationPlatforms) = postSolution
		{A9E5D7A4-4751-4E4A-8AA5-E618D6C603B4}.Debug|Any CPU.ActiveCfg = Debug|Any CPU
		{A9E5D7A4-4751-4E4A-8AA5-E618D6C603B4}.Debug|Any CPU.Build.0 = Debug|Any CPU
		{A9E5D7A4-4751-4E4A-8AA5-E618D6C603B4}.Release|Any CPU.ActiveCfg = Release|Any CPU
		{A9E5D7A4-4751-4E4A-8AA5-E618D6C603B4}.Release|Any CPU.Build.0 = Release|Any CPU
		{9E2DA706-3633-40B5-90E2-66320E4E7762}.Debug|Any CPU.ActiveCfg = Debug|Any CPU
		{9E2DA706-3633-40B5-90E2-66320E4E7762}.Debug|Any CPU.Build.0 = Debug|Any CPU
		{9E2DA706-3633-40B5-90E2-66320E4E7762}.Release|Any CPU.ActiveCfg = Release|Any CPU
		{9E2DA706-3633-40B5-90E2-66320E4E7762}.Release|Any CPU.Build.0 = Release|Any CPU
	EndGlobalSection
	GlobalSection(SolutionProperties) = preSolution
		HideSolutionNode = FALSE
	EndGlobalSection
	GlobalSection(ExtensibilityGlobals) = postSolution
		SolutionGuid = {F37C7B48-3699-4C9F-8DC7-9469EBC9EBD7}
	EndGlobalSection
EndGlobal
